{
  "name": "nodets",
  "version": "1.0.0",
  "lockfileVersion": 2,
  "requires": true,
  "packages": {
    "": {
      "name": "nodets",
      "version": "1.0.0",
      "license": "ISC",
      "dependencies": {
        "@ffmpeg.wasm/core-mt": "^0.13.2",
        "@ffmpeg.wasm/main": "^0.13.1"
      },
      "devDependencies": {
        "@types/node": "^18.11.9",
        "typescript": "^4.9.3"
      }
    },
    "node_modules/@ffmpeg.wasm/core-mt": {
      "version": "0.13.2",
      "resolved": "https://registry.npmjs.org/@ffmpeg.wasm/core-mt/-/core-mt-0.13.2.tgz",
      "integrity": "sha512-3UgpMoOhpTslxluDvBrh0MULeNy55W+WWG00P+JnnCLpJulQxgi6mnIuGO03d2sfV5pyW/FqAwut+fiMLbRsPg=="
    },
    "node_modules/@ffmpeg.wasm/main": {
      "version": "0.13.1",
      "resolved": "https://registry.npmjs.org/@ffmpeg.wasm/main/-/main-0.13.1.tgz",
      "integrity": "sha512-WoEd9xp/N9VWddZ3y1cdRK/el52ZKLoqOS+BNQZcsbLQpkQuHrFG93+zY4VjMZ0aWno4pQG4TSgLzsexpukpHw==",
      "engines": {
        "node": ">=14.0.0"
      }
    },
    "node_modules/@types/node": {
      "version": "18.11.9",
      "resolved": "https://registry.npmjs.org/@types/node/-/node-18.11.9.tgz",
      "integrity": "sha512-CRpX21/kGdzjOpFsZSkcrXMGIBWMGNIHXXBVFSH+ggkftxg+XYP20TESbh+zFvFj3EQOl5byk0HTRn1IL6hbqg==",
      "dev": true
    },
    "node_modules/typescript": {
      "version": "4.9.3",
      "resolved": "https://registry.npmjs.org/typescript/-/typescript-4.9.3.tgz",
      "integrity": "sha512-CIfGzTelbKNEnLpLdGFgdyKhG23CKdKgQPOBc+OUNrkJ2vr+KSzsSV5kq5iWhEQbok+quxgGzrAtGWCyU7tHnA==",
      "dev": true,
      "bin": {
        "tsc": "bin/tsc",
        "tsserver": "bin/tsserver"
      },
      "engines": {
        "node": ">=4.2.0"
      }
    }
  },
  "dependencies": {
    "@ffmpeg.wasm/core-mt": {
      "version": "0.13.2",
      "resolved": "https://registry.npmjs.org/@ffmpeg.wasm/core-mt/-/core-mt-0.13.2.tgz",
      "integrity": "sha512-3UgpMoOhpTslxluDvBrh0MULeNy55W+WWG00P+JnnCLpJulQxgi6mnIuGO03d2sfV5pyW/FqAwut+fiMLbRsPg=="
    },
    "@ffmpeg.wasm/main": {
      "version": "0.13.1",
      "resolved": "https://registry.npmjs.org/@ffmpeg.wasm/main/-/main-0.13.1.tgz",
      "integrity": "sha512-WoEd9xp/N9VWddZ3y1cdRK/el52ZKLoqOS+BNQZcsbLQpkQuHrFG93+zY4VjMZ0aWno4pQG4TSgLzsexpukpHw=="
    },
    "@types/node": {
      "version": "18.11.9",
      "resolved": "https://registry.npmjs.org/@types/node/-/node-18.11.9.tgz",
      "integrity": "sha512-CRpX21/kGdzjOpFsZSkcrXMGIBWMGNIHXXBVFSH+ggkftxg+XYP20TESbh+zFvFj3EQOl5byk0HTRn1IL6hbqg==",
      "dev": true
    },
    "typescript": {
      "version": "4.9.3",
      "resolved": "https://registry.npmjs.org/typescript/-/typescript-4.9.3.tgz",
      "integrity": "sha512-CIfGzTelbKNEnLpLdGFgdyKhG23CKdKgQPOBc+OUNrkJ2vr+KSzsSV5kq5iWhEQbok+quxgGzrAtGWCyU7tHnA==",
      "dev": true
    }
  }
}
